{
  "requires": true,
  "lockfileVersion": 1,
  "dependencies": {
    "vuetify": {
      "version": "2.1.10",
      "resolved": "https://registry.npmjs.org/vuetify/-/vuetify-2.1.10.tgz",
      "integrity": "sha512-hFc6XNYc2YE3HisxCH5VezRFtGQ2RwTvBy7eN+b67UuiGIhvEUR9h3uO4NUuulmvKPKJ4rONN+L9sVszgMBlJQ=="
    }
  }
}
